
Microsoft Visual Studio Solution File, Format Version 12.00
# Visual Studio 15
VisualStudioVersion = 15.0.27703.2018
MinimumVisualStudioVersion = 10.0.40219.1
Project("{FAE04EC0-301F-11D3-BF4B-00C04F79EFBC}") = "BibMyRoster", "BibMyRoster\BibMyRoster.csproj", "{2362EC6B-BE43-4535-9AF9-9878E838F3EE}"
EndProject
Global
	GlobalSection(SolutionConfigurationPlatforms) = preSolution
		Debug|Any CPU = Debug|Any CPU
		Release|Any CPU = Release|Any CPU
	EndGlobalSection
	GlobalSection(ProjectConfigurationPlatforms) = postSolution
		{2362EC6B-BE43-4535-9AF9-9878E838F3EE}.Debug|Any CPU.ActiveCfg = Debug|Any CPU
		{2362EC6B-BE43-4535-9AF9-9878E838F3EE}.Debug|Any CPU.Build.0 = Debug|Any CPU
		{2362EC6B-BE43-4535-9AF9-9878E838F3EE}.Release|Any CPU.ActiveCfg = Release|Any CPU
		{2362EC6B-BE43-4535-9AF9-9878E838F3EE}.Release|Any CPU.Build.0 = Release|Any CPU
	EndGlobalSection
	GlobalSection(SolutionProperties) = preSolution
		HideSolutionNode = FALSE
	EndGlobalSection
	GlobalSection(ExtensibilityGlobals) = postSolution
		SolutionGuid = {674908F7-7D6E-4E23-BCB6-2BFCF58108C1}
	EndGlobalSection
EndGlobal
